// !$*UTF8*$!
{
	archiveVersion = 1;
	classes = {
	};
	objectVersion = 56;
	objects = {

/* Begin PBXBuildFile section */
		3B034C50296B30E50081FDD9 /* RMCharacterListViewViewModel.swift in Sources */ = {isa = PBXBuildFile; fileRef = 3B034C4F296B30E50081FDD9 /* RMCharacterListViewViewModel.swift */; };
		3B034C52296B314E0081FDD9 /* RMCharacterListView.swift in Sources */ = {isa = PBXBuildFile; fileRef = 3B034C51296B314E0081FDD9 /* RMCharacterListView.swift */; };
		3B07A87229805E0F000408A2 /* RMCharacterPhotoCollectionViewCell.swift in Sources */ = {isa = PBXBuildFile; fileRef = 3B07A87129805E0F000408A2 /* RMCharacterPhotoCollectionViewCell.swift */; };
		3B07A87429805E24000408A2 /* RMCharacterInfoCollectionViewCell.swift in Sources */ = {isa = PBXBuildFile; fileRef = 3B07A87329805E24000408A2 /* RMCharacterInfoCollectionViewCell.swift */; };
		3B07A87629805E34000408A2 /* RMCharacterEpisodeCollectionViewCell.swift in Sources */ = {isa = PBXBuildFile; fileRef = 3B07A87529805E34000408A2 /* RMCharacterEpisodeCollectionViewCell.swift */; };
		3B07A87829805E57000408A2 /* RMCharacterPhotoCollectionViewCellViewModel.swift in Sources */ = {isa = PBXBuildFile; fileRef = 3B07A87729805E57000408A2 /* RMCharacterPhotoCollectionViewCellViewModel.swift */; };
		3B07A87A29805E64000408A2 /* RMCharacterInfoCollectionViewCellViewModel.swift in Sources */ = {isa = PBXBuildFile; fileRef = 3B07A87929805E64000408A2 /* RMCharacterInfoCollectionViewCellViewModel.swift */; };
		3B07A87C29805E70000408A2 /* RMCharacterEpisodeCollectionViewCellViewModel.swift in Sources */ = {isa = PBXBuildFile; fileRef = 3B07A87B29805E70000408A2 /* RMCharacterEpisodeCollectionViewCellViewModel.swift */; };
		3B0A45602975C85500CB082A /* RMFooterLoadingCollectionReusableView.swift in Sources */ = {isa = PBXBuildFile; fileRef = 3B0A455F2975C85500CB082A /* RMFooterLoadingCollectionReusableView.swift */; };
		3B1BBB01295E3043003CBE4A /* AppDelegate.swift in Sources */ = {isa = PBXBuildFile; fileRef = 3B1BBB00295E3043003CBE4A /* AppDelegate.swift */; };
		3B1BBB03295E3043003CBE4A /* SceneDelegate.swift in Sources */ = {isa = PBXBuildFile; fileRef = 3B1BBB02295E3043003CBE4A /* SceneDelegate.swift */; };
		3B1BBB05295E3043003CBE4A /* RMTabViewController.swift in Sources */ = {isa = PBXBuildFile; fileRef = 3B1BBB04295E3043003CBE4A /* RMTabViewController.swift */; };
		3B1BBB0A295E3045003CBE4A /* Assets.xcassets in Resources */ = {isa = PBXBuildFile; fileRef = 3B1BBB09295E3045003CBE4A /* Assets.xcassets */; };
		3B1BBB0D295E3045003CBE4A /* LaunchScreen.storyboard in Resources */ = {isa = PBXBuildFile; fileRef = 3B1BBB0B295E3045003CBE4A /* LaunchScreen.storyboard */; };
		3B1BBB1B295E3599003CBE4A /* RMLocation.swift in Sources */ = {isa = PBXBuildFile; fileRef = 3B1BBB1A295E3599003CBE4A /* RMLocation.swift */; };
		3B1BBB1D295E35AA003CBE4A /* RMEpisode.swift in Sources */ = {isa = PBXBuildFile; fileRef = 3B1BBB1C295E35AA003CBE4A /* RMEpisode.swift */; };
		3B1BBB1F295E35B4003CBE4A /* RMCharacter.swift in Sources */ = {isa = PBXBuildFile; fileRef = 3B1BBB1E295E35B4003CBE4A /* RMCharacter.swift */; };
		3B1BBB22295E3613003CBE4A /* RMCharacterViewController.swift in Sources */ = {isa = PBXBuildFile; fileRef = 3B1BBB21295E3613003CBE4A /* RMCharacterViewController.swift */; };
		3B1BBB24295E361F003CBE4A /* RMEpisodeViewController.swift in Sources */ = {isa = PBXBuildFile; fileRef = 3B1BBB23295E361F003CBE4A /* RMEpisodeViewController.swift */; };
		3B1BBB26295E3628003CBE4A /* RMSettingsViewController.swift in Sources */ = {isa = PBXBuildFile; fileRef = 3B1BBB25295E3628003CBE4A /* RMSettingsViewController.swift */; };
		3B1BBB28295E3659003CBE4A /* RMLocationViewController.swift in Sources */ = {isa = PBXBuildFile; fileRef = 3B1BBB27295E3659003CBE4A /* RMLocationViewController.swift */; };
		3B1BBB2A295E3ED0003CBE4A /* RMService.swift in Sources */ = {isa = PBXBuildFile; fileRef = 3B1BBB29295E3ED0003CBE4A /* RMService.swift */; };
		3B1BBB2C295E3EE3003CBE4A /* RMRequest.swift in Sources */ = {isa = PBXBuildFile; fileRef = 3B1BBB2B295E3EE3003CBE4A /* RMRequest.swift */; };
		3B1BBB2E295E3F78003CBE4A /* RMEndpoint.swift in Sources */ = {isa = PBXBuildFile; fileRef = 3B1BBB2D295E3F78003CBE4A /* RMEndpoint.swift */; };
		3B2ACF1429735D9E0091D733 /* RMCharacterDetailViewController.swift in Sources */ = {isa = PBXBuildFile; fileRef = 3B2ACF1329735D9E0091D733 /* RMCharacterDetailViewController.swift */; };
		3B2ACF1629735E270091D733 /* RMCharacterDetailViewViewModel.swift in Sources */ = {isa = PBXBuildFile; fileRef = 3B2ACF1529735E270091D733 /* RMCharacterDetailViewViewModel.swift */; };
		3B2ACF1829735E530091D733 /* RMCharacterDetailView.swift in Sources */ = {isa = PBXBuildFile; fileRef = 3B2ACF1729735E530091D733 /* RMCharacterDetailView.swift */; };
		3B2B7C28296F30EB001852B3 /* RMCharacterCollectionViewCell.swift in Sources */ = {isa = PBXBuildFile; fileRef = 3B2B7C27296F30EB001852B3 /* RMCharacterCollectionViewCell.swift */; };
		3B2B7C2A296F3217001852B3 /* RMCharacterCollectionViewCellViewModel.swift in Sources */ = {isa = PBXBuildFile; fileRef = 3B2B7C29296F3217001852B3 /* RMCharacterCollectionViewCellViewModel.swift */; };
		3B540F9C2984383B003A9390 /* RMEpisodeDetailViewController.swift in Sources */ = {isa = PBXBuildFile; fileRef = 3B540F9B2984383B003A9390 /* RMEpisodeDetailViewController.swift */; };
		3B64E82B2961DC16009440A0 /* RMCharacterGender.swift in Sources */ = {isa = PBXBuildFile; fileRef = 3B64E82A2961DC16009440A0 /* RMCharacterGender.swift */; };
		3B64E82D2961DD19009440A0 /* RMCharacterStatus.swift in Sources */ = {isa = PBXBuildFile; fileRef = 3B64E82C2961DD19009440A0 /* RMCharacterStatus.swift */; };
		3B64E82F2961DE11009440A0 /* RMCharacterOrigin.swift in Sources */ = {isa = PBXBuildFile; fileRef = 3B64E82E2961DE11009440A0 /* RMCharacterOrigin.swift */; };
		3B64E8312961DE41009440A0 /* RMCharacterLocation.swift in Sources */ = {isa = PBXBuildFile; fileRef = 3B64E8302961DE41009440A0 /* RMCharacterLocation.swift */; };
		3B73F9712964C90C005A1BF1 /* RMGetAllCharactersResponse.swift in Sources */ = {isa = PBXBuildFile; fileRef = 3B73F9702964C90C005A1BF1 /* RMGetAllCharactersResponse.swift */; };
		3B81157E2978691B00DE6725 /* RMImageLoader.swift in Sources */ = {isa = PBXBuildFile; fileRef = 3B81157D2978691B00DE6725 /* RMImageLoader.swift */; };
/* End PBXBuildFile section */

/* Begin PBXFileReference section */
		3B034C4F296B30E50081FDD9 /* RMCharacterListViewViewModel.swift */ = {isa = PBXFileReference; lastKnownFileType = sourcecode.swift; path = RMCharacterListViewViewModel.swift; sourceTree = "<group>"; };
		3B034C51296B314E0081FDD9 /* RMCharacterListView.swift */ = {isa = PBXFileReference; lastKnownFileType = sourcecode.swift; path = RMCharacterListView.swift; sourceTree = "<group>"; };
		3B07A87129805E0F000408A2 /* RMCharacterPhotoCollectionViewCell.swift */ = {isa = PBXFileReference; lastKnownFileType = sourcecode.swift; path = RMCharacterPhotoCollectionViewCell.swift; sourceTree = "<group>"; };
		3B07A87329805E24000408A2 /* RMCharacterInfoCollectionViewCell.swift */ = {isa = PBXFileReference; lastKnownFileType = sourcecode.swift; path = RMCharacterInfoCollectionViewCell.swift; sourceTree = "<group>"; };
		3B07A87529805E34000408A2 /* RMCharacterEpisodeCollectionViewCell.swift */ = {isa = PBXFileReference; lastKnownFileType = sourcecode.swift; path = RMCharacterEpisodeCollectionViewCell.swift; sourceTree = "<group>"; };
		3B07A87729805E57000408A2 /* RMCharacterPhotoCollectionViewCellViewModel.swift */ = {isa = PBXFileReference; lastKnownFileType = sourcecode.swift; path = RMCharacterPhotoCollectionViewCellViewModel.swift; sourceTree = "<group>"; };
		3B07A87929805E64000408A2 /* RMCharacterInfoCollectionViewCellViewModel.swift */ = {isa = PBXFileReference; lastKnownFileType = sourcecode.swift; path = RMCharacterInfoCollectionViewCellViewModel.swift; sourceTree = "<group>"; };
		3B07A87B29805E70000408A2 /* RMCharacterEpisodeCollectionViewCellViewModel.swift */ = {isa = PBXFileReference; lastKnownFileType = sourcecode.swift; path = RMCharacterEpisodeCollectionViewCellViewModel.swift; sourceTree = "<group>"; };
		3B0A455F2975C85500CB082A /* RMFooterLoadingCollectionReusableView.swift */ = {isa = PBXFileReference; lastKnownFileType = sourcecode.swift; path = RMFooterLoadingCollectionReusableView.swift; sourceTree = "<group>"; };
		3B1BBAFD295E3043003CBE4A /* RickAndMorty.app */ = {isa = PBXFileReference; explicitFileType = wrapper.application; includeInIndex = 0; path = RickAndMorty.app; sourceTree = BUILT_PRODUCTS_DIR; };
		3B1BBB00295E3043003CBE4A /* AppDelegate.swift */ = {isa = PBXFileReference; lastKnownFileType = sourcecode.swift; path = AppDelegate.swift; sourceTree = "<group>"; };
		3B1BBB02295E3043003CBE4A /* SceneDelegate.swift */ = {isa = PBXFileReference; lastKnownFileType = sourcecode.swift; path = SceneDelegate.swift; sourceTree = "<group>"; };
		3B1BBB04295E3043003CBE4A /* RMTabViewController.swift */ = {isa = PBXFileReference; lastKnownFileType = sourcecode.swift; path = RMTabViewController.swift; sourceTree = "<group>"; };
		3B1BBB09295E3045003CBE4A /* Assets.xcassets */ = {isa = PBXFileReference; lastKnownFileType = folder.assetcatalog; path = Assets.xcassets; sourceTree = "<group>"; };
		3B1BBB0C295E3045003CBE4A /* Base */ = {isa = PBXFileReference; lastKnownFileType = file.storyboard; name = Base; path = Base.lproj/LaunchScreen.storyboard; sourceTree = "<group>"; };
		3B1BBB0E295E3045003CBE4A /* Info.plist */ = {isa = PBXFileReference; lastKnownFileType = text.plist.xml; path = Info.plist; sourceTree = "<group>"; };
		3B1BBB1A295E3599003CBE4A /* RMLocation.swift */ = {isa = PBXFileReference; lastKnownFileType = sourcecode.swift; path = RMLocation.swift; sourceTree = "<group>"; };
		3B1BBB1C295E35AA003CBE4A /* RMEpisode.swift */ = {isa = PBXFileReference; lastKnownFileType = sourcecode.swift; path = RMEpisode.swift; sourceTree = "<group>"; };
		3B1BBB1E295E35B4003CBE4A /* RMCharacter.swift */ = {isa = PBXFileReference; lastKnownFileType = sourcecode.swift; path = RMCharacter.swift; sourceTree = "<group>"; };
		3B1BBB21295E3613003CBE4A /* RMCharacterViewController.swift */ = {isa = PBXFileReference; lastKnownFileType = sourcecode.swift; path = RMCharacterViewController.swift; sourceTree = "<group>"; };
		3B1BBB23295E361F003CBE4A /* RMEpisodeViewController.swift */ = {isa = PBXFileReference; lastKnownFileType = sourcecode.swift; path = RMEpisodeViewController.swift; sourceTree = "<group>"; };
		3B1BBB25295E3628003CBE4A /* RMSettingsViewController.swift */ = {isa = PBXFileReference; lastKnownFileType = sourcecode.swift; path = RMSettingsViewController.swift; sourceTree = "<group>"; };
		3B1BBB27295E3659003CBE4A /* RMLocationViewController.swift */ = {isa = PBXFileReference; lastKnownFileType = sourcecode.swift; path = RMLocationViewController.swift; sourceTree = "<group>"; };
		3B1BBB29295E3ED0003CBE4A /* RMService.swift */ = {isa = PBXFileReference; lastKnownFileType = sourcecode.swift; path = RMService.swift; sourceTree = "<group>"; };
		3B1BBB2B295E3EE3003CBE4A /* RMRequest.swift */ = {isa = PBXFileReference; lastKnownFileType = sourcecode.swift; path = RMRequest.swift; sourceTree = "<group>"; };
		3B1BBB2D295E3F78003CBE4A /* RMEndpoint.swift */ = {isa = PBXFileReference; lastKnownFileType = sourcecode.swift; path = RMEndpoint.swift; sourceTree = "<group>"; };
		3B2ACF1329735D9E0091D733 /* RMCharacterDetailViewController.swift */ = {isa = PBXFileReference; lastKnownFileType = sourcecode.swift; path = RMCharacterDetailViewController.swift; sourceTree = "<group>"; };
		3B2ACF1529735E270091D733 /* RMCharacterDetailViewViewModel.swift */ = {isa = PBXFileReference; lastKnownFileType = sourcecode.swift; path = RMCharacterDetailViewViewModel.swift; sourceTree = "<group>"; };
		3B2ACF1729735E530091D733 /* RMCharacterDetailView.swift */ = {isa = PBXFileReference; lastKnownFileType = sourcecode.swift; path = RMCharacterDetailView.swift; sourceTree = "<group>"; };
		3B2B7C27296F30EB001852B3 /* RMCharacterCollectionViewCell.swift */ = {isa = PBXFileReference; lastKnownFileType = sourcecode.swift; path = RMCharacterCollectionViewCell.swift; sourceTree = "<group>"; };
		3B2B7C29296F3217001852B3 /* RMCharacterCollectionViewCellViewModel.swift */ = {isa = PBXFileReference; lastKnownFileType = sourcecode.swift; path = RMCharacterCollectionViewCellViewModel.swift; sourceTree = "<group>"; };
		3B540F9B2984383B003A9390 /* RMEpisodeDetailViewController.swift */ = {isa = PBXFileReference; lastKnownFileType = sourcecode.swift; path = RMEpisodeDetailViewController.swift; sourceTree = "<group>"; };
		3B64E82A2961DC16009440A0 /* RMCharacterGender.swift */ = {isa = PBXFileReference; lastKnownFileType = sourcecode.swift; path = RMCharacterGender.swift; sourceTree = "<group>"; };
		3B64E82C2961DD19009440A0 /* RMCharacterStatus.swift */ = {isa = PBXFileReference; lastKnownFileType = sourcecode.swift; path = RMCharacterStatus.swift; sourceTree = "<group>"; };
		3B64E82E2961DE11009440A0 /* RMCharacterOrigin.swift */ = {isa = PBXFileReference; lastKnownFileType = sourcecode.swift; path = RMCharacterOrigin.swift; sourceTree = "<group>"; };
		3B64E8302961DE41009440A0 /* RMCharacterLocation.swift */ = {isa = PBXFileReference; lastKnownFileType = sourcecode.swift; path = RMCharacterLocation.swift; sourceTree = "<group>"; };
		3B73F9702964C90C005A1BF1 /* RMGetAllCharactersResponse.swift */ = {isa = PBXFileReference; lastKnownFileType = sourcecode.swift; path = RMGetAllCharactersResponse.swift; sourceTree = "<group>"; };
		3B81157D2978691B00DE6725 /* RMImageLoader.swift */ = {isa = PBXFileReference; lastKnownFileType = sourcecode.swift; path = RMImageLoader.swift; sourceTree = "<group>"; };
/* End PBXFileReference section */

/* Begin PBXFrameworksBuildPhase section */
		3B1BBAFA295E3043003CBE4A /* Frameworks */ = {
			isa = PBXFrameworksBuildPhase;
			buildActionMask = 2147483647;
			files = (
			);
			runOnlyForDeploymentPostprocessing = 0;
		};
/* End PBXFrameworksBuildPhase section */

/* Begin PBXGroup section */
		3B07A86D29805D72000408A2 /* Character */ = {
			isa = PBXGroup;
			children = (
				3B034C51296B314E0081FDD9 /* RMCharacterListView.swift */,
				3B2B7C27296F30EB001852B3 /* RMCharacterCollectionViewCell.swift */,
			);
			path = Character;
			sourceTree = "<group>";
		};
		3B07A86E29805D82000408A2 /* CharacterDetails */ = {
			isa = PBXGroup;
			children = (
				3B2ACF1729735E530091D733 /* RMCharacterDetailView.swift */,
				3B07A87129805E0F000408A2 /* RMCharacterPhotoCollectionViewCell.swift */,
				3B07A87329805E24000408A2 /* RMCharacterInfoCollectionViewCell.swift */,
				3B07A87529805E34000408A2 /* RMCharacterEpisodeCollectionViewCell.swift */,
			);
			path = CharacterDetails;
			sourceTree = "<group>";
		};
		3B07A86F29805D9F000408A2 /* CharacterDetails */ = {
			isa = PBXGroup;
			children = (
				3B2ACF1529735E270091D733 /* RMCharacterDetailViewViewModel.swift */,
				3B07A87729805E57000408A2 /* RMCharacterPhotoCollectionViewCellViewModel.swift */,
				3B07A87929805E64000408A2 /* RMCharacterInfoCollectionViewCellViewModel.swift */,
				3B07A87B29805E70000408A2 /* RMCharacterEpisodeCollectionViewCellViewModel.swift */,
			);
			path = CharacterDetails;
			sourceTree = "<group>";
		};
		3B07A87029805DAC000408A2 /* Character */ = {
			isa = PBXGroup;
			children = (
				3B034C4F296B30E50081FDD9 /* RMCharacterListViewViewModel.swift */,
				3B2B7C29296F3217001852B3 /* RMCharacterCollectionViewCellViewModel.swift */,
			);
			path = Character;
			sourceTree = "<group>";
		};
		3B1BBAF4295E3043003CBE4A = {
			isa = PBXGroup;
			children = (
				3B1BBAFF295E3043003CBE4A /* RickAndMorty */,
				3B1BBAFE295E3043003CBE4A /* Products */,
			);
			sourceTree = "<group>";
		};
		3B1BBAFE295E3043003CBE4A /* Products */ = {
			isa = PBXGroup;
			children = (
				3B1BBAFD295E3043003CBE4A /* RickAndMorty.app */,
			);
			name = Products;
			sourceTree = "<group>";
		};
		3B1BBAFF295E3043003CBE4A /* RickAndMorty */ = {
			isa = PBXGroup;
			children = (
				3B81157C2978690E00DE6725 /* Services */,
				3B1BBB19295E34E0003CBE4A /* Resources */,
				3B1BBB18295E34D5003CBE4A /* APIClients */,
				3B1BBB17295E34CA003CBE4A /* Views */,
				3B1BBB16295E34BF003CBE4A /* ViewModels */,
				3B1BBB15295E34B7003CBE4A /* Models */,
				3B1BBB14295E34AC003CBE4A /* Controllers */,
				3B1BBB0E295E3045003CBE4A /* Info.plist */,
			);
			path = RickAndMorty;
			sourceTree = "<group>";
		};
		3B1BBB14295E34AC003CBE4A /* Controllers */ = {
			isa = PBXGroup;
			children = (
				3B1BBB20295E35EE003CBE4A /* Core */,
				3B2ACF1229735D750091D733 /* Others */,
			);
			path = Controllers;
			sourceTree = "<group>";
		};
		3B1BBB15295E34B7003CBE4A /* Models */ = {
			isa = PBXGroup;
			children = (
				3B73F96F2964C8D6005A1BF1 /* APIResopnseTypes */,
				3B73F96E2964C8B8005A1BF1 /* DataTypes */,
			);
			path = Models;
			sourceTree = "<group>";
		};
		3B1BBB16295E34BF003CBE4A /* ViewModels */ = {
			isa = PBXGroup;
			children = (
				3B07A87029805DAC000408A2 /* Character */,
				3B07A86F29805D9F000408A2 /* CharacterDetails */,
			);
			path = ViewModels;
			sourceTree = "<group>";
		};
		3B1BBB17295E34CA003CBE4A /* Views */ = {
			isa = PBXGroup;
			children = (
				3B07A86D29805D72000408A2 /* Character */,
				3B0A455F2975C85500CB082A /* RMFooterLoadingCollectionReusableView.swift */,
				3B07A86E29805D82000408A2 /* CharacterDetails */,
			);
			path = Views;
			sourceTree = "<group>";
		};
		3B1BBB18295E34D5003CBE4A /* APIClients */ = {
			isa = PBXGroup;
			children = (
				3B1BBB29295E3ED0003CBE4A /* RMService.swift */,
				3B1BBB2B295E3EE3003CBE4A /* RMRequest.swift */,
				3B1BBB2D295E3F78003CBE4A /* RMEndpoint.swift */,
			);
			path = APIClients;
			sourceTree = "<group>";
		};
		3B1BBB19295E34E0003CBE4A /* Resources */ = {
			isa = PBXGroup;
			children = (
				3B1BBB09295E3045003CBE4A /* Assets.xcassets */,
				3B1BBB0B295E3045003CBE4A /* LaunchScreen.storyboard */,
				3B1BBB00295E3043003CBE4A /* AppDelegate.swift */,
				3B1BBB02295E3043003CBE4A /* SceneDelegate.swift */,
			);
			path = Resources;
			sourceTree = "<group>";
		};
		3B1BBB20295E35EE003CBE4A /* Core */ = {
			isa = PBXGroup;
			children = (
				3B1BBB04295E3043003CBE4A /* RMTabViewController.swift */,
				3B1BBB21295E3613003CBE4A /* RMCharacterViewController.swift */,
				3B1BBB27295E3659003CBE4A /* RMLocationViewController.swift */,
				3B1BBB23295E361F003CBE4A /* RMEpisodeViewController.swift */,
				3B1BBB25295E3628003CBE4A /* RMSettingsViewController.swift */,
			);
			path = Core;
			sourceTree = "<group>";
		};
		3B2ACF1229735D750091D733 /* Others */ = {
			isa = PBXGroup;
			children = (
				3B2ACF1329735D9E0091D733 /* RMCharacterDetailViewController.swift */,
				3B540F9B2984383B003A9390 /* RMEpisodeDetailViewController.swift */,
			);
			path = Others;
			sourceTree = "<group>";
		};
		3B73F96E2964C8B8005A1BF1 /* DataTypes */ = {
			isa = PBXGroup;
			children = (
				3B1BBB1E295E35B4003CBE4A /* RMCharacter.swift */,
				3B1BBB1A295E3599003CBE4A /* RMLocation.swift */,
				3B1BBB1C295E35AA003CBE4A /* RMEpisode.swift */,
				3B64E82A2961DC16009440A0 /* RMCharacterGender.swift */,
				3B64E82C2961DD19009440A0 /* RMCharacterStatus.swift */,
				3B64E82E2961DE11009440A0 /* RMCharacterOrigin.swift */,
				3B64E8302961DE41009440A0 /* RMCharacterLocation.swift */,
			);
			path = DataTypes;
			sourceTree = "<group>";
		};
		3B73F96F2964C8D6005A1BF1 /* APIResopnseTypes */ = {
			isa = PBXGroup;
			children = (
				3B73F9702964C90C005A1BF1 /* RMGetAllCharactersResponse.swift */,
			);
			path = APIResopnseTypes;
			sourceTree = "<group>";
		};
		3B81157C2978690E00DE6725 /* Services */ = {
			isa = PBXGroup;
			children = (
				3B81157D2978691B00DE6725 /* RMImageLoader.swift */,
			);
			path = Services;
			sourceTree = "<group>";
		};
/* End PBXGroup section */

/* Begin PBXNativeTarget section */
		3B1BBAFC295E3043003CBE4A /* RickAndMorty */ = {
			isa = PBXNativeTarget;
			buildConfigurationList = 3B1BBB11295E3045003CBE4A /* Build configuration list for PBXNativeTarget "RickAndMorty" */;
			buildPhases = (
				3B1BBAF9295E3043003CBE4A /* Sources */,
				3B1BBAFA295E3043003CBE4A /* Frameworks */,
				3B1BBAFB295E3043003CBE4A /* Resources */,
			);
			buildRules = (
			);
			dependencies = (
			);
			name = RickAndMorty;
			productName = RickAndMorty;
			productReference = 3B1BBAFD295E3043003CBE4A /* RickAndMorty.app */;
			productType = "com.apple.product-type.application";
		};
/* End PBXNativeTarget section */

/* Begin PBXProject section */
		3B1BBAF5295E3043003CBE4A /* Project object */ = {
			isa = PBXProject;
			attributes = {
				BuildIndependentTargetsInParallel = 1;
				LastSwiftUpdateCheck = 1420;
				LastUpgradeCheck = 1420;
				TargetAttributes = {
					3B1BBAFC295E3043003CBE4A = {
						CreatedOnToolsVersion = 14.2;
					};
				};
			};
			buildConfigurationList = 3B1BBAF8295E3043003CBE4A /* Build configuration list for PBXProject "RickAndMorty" */;
			compatibilityVersion = "Xcode 14.0";
			developmentRegion = en;
			hasScannedForEncodings = 0;
			knownRegions = (
				en,
				Base,
			);
			mainGroup = 3B1BBAF4295E3043003CBE4A;
			productRefGroup = 3B1BBAFE295E3043003CBE4A /* Products */;
			projectDirPath = "";
			projectRoot = "";
			targets = (
				3B1BBAFC295E3043003CBE4A /* RickAndMorty */,
			);
		};
/* End PBXProject section */

/* Begin PBXResourcesBuildPhase section */
		3B1BBAFB295E3043003CBE4A /* Resources */ = {
			isa = PBXResourcesBuildPhase;
			buildActionMask = 2147483647;
			files = (
				3B1BBB0D295E3045003CBE4A /* LaunchScreen.storyboard in Resources */,
				3B1BBB0A295E3045003CBE4A /* Assets.xcassets in Resources */,
			);
			runOnlyForDeploymentPostprocessing = 0;
		};
/* End PBXResourcesBuildPhase section */

/* Begin PBXSourcesBuildPhase section */
		3B1BBAF9295E3043003CBE4A /* Sources */ = {
			isa = PBXSourcesBuildPhase;
			buildActionMask = 2147483647;
			files = (
				3B0A45602975C85500CB082A /* RMFooterLoadingCollectionReusableView.swift in Sources */,
				3B64E8312961DE41009440A0 /* RMCharacterLocation.swift in Sources */,
				3B1BBB26295E3628003CBE4A /* RMSettingsViewController.swift in Sources */,
				3B2B7C2A296F3217001852B3 /* RMCharacterCollectionViewCellViewModel.swift in Sources */,
				3B034C52296B314E0081FDD9 /* RMCharacterListView.swift in Sources */,
				3B73F9712964C90C005A1BF1 /* RMGetAllCharactersResponse.swift in Sources */,
				3B1BBB1F295E35B4003CBE4A /* RMCharacter.swift in Sources */,
				3B07A87C29805E70000408A2 /* RMCharacterEpisodeCollectionViewCellViewModel.swift in Sources */,
				3B540F9C2984383B003A9390 /* RMEpisodeDetailViewController.swift in Sources */,
				3B1BBB05295E3043003CBE4A /* RMTabViewController.swift in Sources */,
				3B64E82B2961DC16009440A0 /* RMCharacterGender.swift in Sources */,
				3B1BBB01295E3043003CBE4A /* AppDelegate.swift in Sources */,
				3B64E82D2961DD19009440A0 /* RMCharacterStatus.swift in Sources */,
				3B64E82F2961DE11009440A0 /* RMCharacterOrigin.swift in Sources */,
				3B1BBB1D295E35AA003CBE4A /* RMEpisode.swift in Sources */,
				3B1BBB03295E3043003CBE4A /* SceneDelegate.swift in Sources */,
				3B2ACF1629735E270091D733 /* RMCharacterDetailViewViewModel.swift in Sources */,
				3B1BBB28295E3659003CBE4A /* RMLocationViewController.swift in Sources */,
				3B07A87229805E0F000408A2 /* RMCharacterPhotoCollectionViewCell.swift in Sources */,
				3B07A87429805E24000408A2 /* RMCharacterInfoCollectionViewCell.swift in Sources */,
				3B07A87829805E57000408A2 /* RMCharacterPhotoCollectionViewCellViewModel.swift in Sources */,
				3B1BBB2A295E3ED0003CBE4A /* RMService.swift in Sources */,
				3B1BBB1B295E3599003CBE4A /* RMLocation.swift in Sources */,
				3B1BBB2E295E3F78003CBE4A /* RMEndpoint.swift in Sources */,
				3B07A87A29805E64000408A2 /* RMCharacterInfoCollectionViewCellViewModel.swift in Sources */,
				3B1BBB22295E3613003CBE4A /* RMCharacterViewController.swift in Sources */,
				3B2ACF1429735D9E0091D733 /* RMCharacterDetailViewController.swift in Sources */,
				3B2B7C28296F30EB001852B3 /* RMCharacterCollectionViewCell.swift in Sources */,
				3B81157E2978691B00DE6725 /* RMImageLoader.swift in Sources */,
				3B1BBB2C295E3EE3003CBE4A /* RMRequest.swift in Sources */,
				3B1BBB24295E361F003CBE4A /* RMEpisodeViewController.swift in Sources */,
				3B07A87629805E34000408A2 /* RMCharacterEpisodeCollectionViewCell.swift in Sources */,
				3B034C50296B30E50081FDD9 /* RMCharacterListViewViewModel.swift in Sources */,
				3B2ACF1829735E530091D733 /* RMCharacterDetailView.swift in Sources */,
			);
			runOnlyForDeploymentPostprocessing = 0;
		};
/* End PBXSourcesBuildPhase section */

/* Begin PBXVariantGroup section */
		3B1BBB0B295E3045003CBE4A /* LaunchScreen.storyboard */ = {
			isa = PBXVariantGroup;
			children = (
				3B1BBB0C295E3045003CBE4A /* Base */,
			);
			name = LaunchScreen.storyboard;
			sourceTree = "<group>";
		};
/* End PBXVariantGroup section */

/* Begin XCBuildConfiguration section */
		3B1BBB0F295E3045003CBE4A /* Debug */ = {
			isa = XCBuildConfiguration;
			buildSettings = {
				ALWAYS_SEARCH_USER_PATHS = NO;
				CLANG_ANALYZER_NONNULL = YES;
				CLANG_ANALYZER_NUMBER_OBJECT_CONVERSION = YES_AGGRESSIVE;
				CLANG_CXX_LANGUAGE_STANDARD = "gnu++20";
				CLANG_ENABLE_MODULES = YES;
				CLANG_ENABLE_OBJC_ARC = YES;
				CLANG_ENABLE_OBJC_WEAK = YES;
				CLANG_WARN_BLOCK_CAPTURE_AUTORELEASING = YES;
				CLANG_WARN_BOOL_CONVERSION = YES;
				CLANG_WARN_COMMA = YES;
				CLANG_WARN_CONSTANT_CONVERSION = YES;
				CLANG_WARN_DEPRECATED_OBJC_IMPLEMENTATIONS = YES;
				CLANG_WARN_DIRECT_OBJC_ISA_USAGE = YES_ERROR;
				CLANG_WARN_DOCUMENTATION_COMMENTS = YES;
				CLANG_WARN_EMPTY_BODY = YES;
				CLANG_WARN_ENUM_CONVERSION = YES;
				CLANG_WARN_INFINITE_RECURSION = YES;
				CLANG_WARN_INT_CONVERSION = YES;
				CLANG_WARN_NON_LITERAL_NULL_CONVERSION = YES;
				CLANG_WARN_OBJC_IMPLICIT_RETAIN_SELF = YES;
				CLANG_WARN_OBJC_LITERAL_CONVERSION = YES;
				CLANG_WARN_OBJC_ROOT_CLASS = YES_ERROR;
				CLANG_WARN_QUOTED_INCLUDE_IN_FRAMEWORK_HEADER = YES;
				CLANG_WARN_RANGE_LOOP_ANALYSIS = YES;
				CLANG_WARN_STRICT_PROTOTYPES = YES;
				CLANG_WARN_SUSPICIOUS_MOVE = YES;
				CLANG_WARN_UNGUARDED_AVAILABILITY = YES_AGGRESSIVE;
				CLANG_WARN_UNREACHABLE_CODE = YES;
				CLANG_WARN__DUPLICATE_METHOD_MATCH = YES;
				COPY_PHASE_STRIP = NO;
				DEBUG_INFORMATION_FORMAT = dwarf;
				ENABLE_STRICT_OBJC_MSGSEND = YES;
				ENABLE_TESTABILITY = YES;
				GCC_C_LANGUAGE_STANDARD = gnu11;
				GCC_DYNAMIC_NO_PIC = NO;
				GCC_NO_COMMON_BLOCKS = YES;
				GCC_OPTIMIZATION_LEVEL = 0;
				GCC_PREPROCESSOR_DEFINITIONS = (
					"DEBUG=1",
					"$(inherited)",
				);
				GCC_WARN_64_TO_32_BIT_CONVERSION = YES;
				GCC_WARN_ABOUT_RETURN_TYPE = YES_ERROR;
				GCC_WARN_UNDECLARED_SELECTOR = YES;
				GCC_WARN_UNINITIALIZED_AUTOS = YES_AGGRESSIVE;
				GCC_WARN_UNUSED_FUNCTION = YES;
				GCC_WARN_UNUSED_VARIABLE = YES;
				IPHONEOS_DEPLOYMENT_TARGET = 16.2;
				MTL_ENABLE_DEBUG_INFO = INCLUDE_SOURCE;
				MTL_FAST_MATH = YES;
				ONLY_ACTIVE_ARCH = YES;
				SDKROOT = iphoneos;
				SWIFT_ACTIVE_COMPILATION_CONDITIONS = DEBUG;
				SWIFT_OPTIMIZATION_LEVEL = "-Onone";
			};
			name = Debug;
		};
		3B1BBB10295E3045003CBE4A /* Release */ = {
			isa = XCBuildConfiguration;
			buildSettings = {
				ALWAYS_SEARCH_USER_PATHS = NO;
				CLANG_ANALYZER_NONNULL = YES;
				CLANG_ANALYZER_NUMBER_OBJECT_CONVERSION = YES_AGGRESSIVE;
				CLANG_CXX_LANGUAGE_STANDARD = "gnu++20";
				CLANG_ENABLE_MODULES = YES;
				CLANG_ENABLE_OBJC_ARC = YES;
				CLANG_ENABLE_OBJC_WEAK = YES;
				CLANG_WARN_BLOCK_CAPTURE_AUTORELEASING = YES;
				CLANG_WARN_BOOL_CONVERSION = YES;
				CLANG_WARN_COMMA = YES;
				CLANG_WARN_CONSTANT_CONVERSION = YES;
				CLANG_WARN_DEPRECATED_OBJC_IMPLEMENTATIONS = YES;
				CLANG_WARN_DIRECT_OBJC_ISA_USAGE = YES_ERROR;
				CLANG_WARN_DOCUMENTATION_COMMENTS = YES;
				CLANG_WARN_EMPTY_BODY = YES;
				CLANG_WARN_ENUM_CONVERSION = YES;
				CLANG_WARN_INFINITE_RECURSION = YES;
				CLANG_WARN_INT_CONVERSION = YES;
				CLANG_WARN_NON_LITERAL_NULL_CONVERSION = YES;
				CLANG_WARN_OBJC_IMPLICIT_RETAIN_SELF = YES;
				CLANG_WARN_OBJC_LITERAL_CONVERSION = YES;
				CLANG_WARN_OBJC_ROOT_CLASS = YES_ERROR;
				CLANG_WARN_QUOTED_INCLUDE_IN_FRAMEWORK_HEADER = YES;
				CLANG_WARN_RANGE_LOOP_ANALYSIS = YES;
				CLANG_WARN_STRICT_PROTOTYPES = YES;
				CLANG_WARN_SUSPICIOUS_MOVE = YES;
				CLANG_WARN_UNGUARDED_AVAILABILITY = YES_AGGRESSIVE;
				CLANG_WARN_UNREACHABLE_CODE = YES;
				CLANG_WARN__DUPLICATE_METHOD_MATCH = YES;
				COPY_PHASE_STRIP = NO;
				DEBUG_INFORMATION_FORMAT = "dwarf-with-dsym";
				ENABLE_NS_ASSERTIONS = NO;
				ENABLE_STRICT_OBJC_MSGSEND = YES;
				GCC_C_LANGUAGE_STANDARD = gnu11;
				GCC_NO_COMMON_BLOCKS = YES;
				GCC_WARN_64_TO_32_BIT_CONVERSION = YES;
				GCC_WARN_ABOUT_RETURN_TYPE = YES_ERROR;
				GCC_WARN_UNDECLARED_SELECTOR = YES;
				GCC_WARN_UNINITIALIZED_AUTOS = YES_AGGRESSIVE;
				GCC_WARN_UNUSED_FUNCTION = YES;
				GCC_WARN_UNUSED_VARIABLE = YES;
				IPHONEOS_DEPLOYMENT_TARGET = 16.2;
				MTL_ENABLE_DEBUG_INFO = NO;
				MTL_FAST_MATH = YES;
				SDKROOT = iphoneos;
				SWIFT_COMPILATION_MODE = wholemodule;
				SWIFT_OPTIMIZATION_LEVEL = "-O";
				VALIDATE_PRODUCT = YES;
			};
			name = Release;
		};
		3B1BBB12295E3045003CBE4A /* Debug */ = {
			isa = XCBuildConfiguration;
			buildSettings = {
				ASSETCATALOG_COMPILER_APPICON_NAME = AppIcon;
				ASSETCATALOG_COMPILER_GLOBAL_ACCENT_COLOR_NAME = AccentColor;
				CODE_SIGN_STYLE = Automatic;
				CURRENT_PROJECT_VERSION = 1;
				GENERATE_INFOPLIST_FILE = YES;
				INFOPLIST_FILE = RickAndMorty/Info.plist;
				INFOPLIST_KEY_UIApplicationSupportsIndirectInputEvents = YES;
				INFOPLIST_KEY_UILaunchStoryboardName = LaunchScreen;
				INFOPLIST_KEY_UISupportedInterfaceOrientations_iPad = "UIInterfaceOrientationPortrait UIInterfaceOrientationPortraitUpsideDown UIInterfaceOrientationLandscapeLeft UIInterfaceOrientationLandscapeRight";
				INFOPLIST_KEY_UISupportedInterfaceOrientations_iPhone = "UIInterfaceOrientationPortrait UIInterfaceOrientationLandscapeLeft UIInterfaceOrientationLandscapeRight";
				LD_RUNPATH_SEARCH_PATHS = (
					"$(inherited)",
					"@executable_path/Frameworks",
				);
				MARKETING_VERSION = 1.0;
				PRODUCT_BUNDLE_IDENTIFIER = com.sais.RickAndMorty;
				PRODUCT_NAME = "$(TARGET_NAME)";
				SWIFT_EMIT_LOC_STRINGS = YES;
				SWIFT_VERSION = 5.0;
				TARGETED_DEVICE_FAMILY = "1,2";
			};
			name = Debug;
		};
		3B1BBB13295E3045003CBE4A /* Release */ = {
			isa = XCBuildConfiguration;
			buildSettings = {
				ASSETCATALOG_COMPILER_APPICON_NAME = AppIcon;
				ASSETCATALOG_COMPILER_GLOBAL_ACCENT_COLOR_NAME = AccentColor;
				CODE_SIGN_STYLE = Automatic;
				CURRENT_PROJECT_VERSION = 1;
				GENERATE_INFOPLIST_FILE = YES;
				INFOPLIST_FILE = RickAndMorty/Info.plist;
				INFOPLIST_KEY_UIApplicationSupportsIndirectInputEvents = YES;
				INFOPLIST_KEY_UILaunchStoryboardName = LaunchScreen;
				INFOPLIST_KEY_UISupportedInterfaceOrientations_iPad = "UIInterfaceOrientationPortrait UIInterfaceOrientationPortraitUpsideDown UIInterfaceOrientationLandscapeLeft UIInterfaceOrientationLandscapeRight";
				INFOPLIST_KEY_UISupportedInterfaceOrientations_iPhone = "UIInterfaceOrientationPortrait UIInterfaceOrientationLandscapeLeft UIInterfaceOrientationLandscapeRight";
				LD_RUNPATH_SEARCH_PATHS = (
					"$(inherited)",
					"@executable_path/Frameworks",
				);
				MARKETING_VERSION = 1.0;
				PRODUCT_BUNDLE_IDENTIFIER = com.sais.RickAndMorty;
				PRODUCT_NAME = "$(TARGET_NAME)";
				SWIFT_EMIT_LOC_STRINGS = YES;
				SWIFT_VERSION = 5.0;
				TARGETED_DEVICE_FAMILY = "1,2";
			};
			name = Release;
		};
/* End XCBuildConfiguration section */

/* Begin XCConfigurationList section */
		3B1BBAF8295E3043003CBE4A /* Build configuration list for PBXProject "RickAndMorty" */ = {
			isa = XCConfigurationList;
			buildConfigurations = (
				3B1BBB0F295E3045003CBE4A /* Debug */,
				3B1BBB10295E3045003CBE4A /* Release */,
			);
			defaultConfigurationIsVisible = 0;
			defaultConfigurationName = Release;
		};
		3B1BBB11295E3045003CBE4A /* Build configuration list for PBXNativeTarget "RickAndMorty" */ = {
			isa = XCConfigurationList;
			buildConfigurations = (
				3B1BBB12295E3045003CBE4A /* Debug */,
				3B1BBB13295E3045003CBE4A /* Release */,
			);
			defaultConfigurationIsVisible = 0;
			defaultConfigurationName = Release;
		};
/* End XCConfigurationList section */
	};
	rootObject = 3B1BBAF5295E3043003CBE4A /* Project object */;
}
